
Microsoft Visual Studio Solution File, Format Version 12.00
# Visual Studio Version 17
VisualStudioVersion = 17.0.31903.59
MinimumVisualStudioVersion = 10.0.40219.1
Project("{2150E333-8FDC-42A3-9474-1A3956D46DE8}") = "src", "src", "{44DFEFF1-7BCC-48E0-8180-4C23A6568BE6}"
EndProject
Project("{2150E333-8FDC-42A3-9474-1A3956D46DE8}") = "CleanArchitecture", "CleanArchitecture", "{9D0F70BC-64DE-40D8-82BA-56EB174530E1}"
EndProject
Project("{FAE04EC0-301F-11D3-BF4B-00C04F79EFBC}") = "CleanArchitecture.Domain", "src\CleanArchitecture\CleanArchitecture.Domain\CleanArchitecture.Domain.csproj", "{5947820D-43A5-4456-83D1-C84DC4770A4F}"
EndProject
Global
	GlobalSection(SolutionConfigurationPlatforms) = preSolution
		Debug|Any CPU = Debug|Any CPU
		Release|Any CPU = Release|Any CPU
	EndGlobalSection
	GlobalSection(SolutionProperties) = preSolution
		HideSolutionNode = FALSE
	EndGlobalSection
	GlobalSection(ProjectConfigurationPlatforms) = postSolution
		{5947820D-43A5-4456-83D1-C84DC4770A4F}.Debug|Any CPU.ActiveCfg = Debug|Any CPU
		{5947820D-43A5-4456-83D1-C84DC4770A4F}.Debug|Any CPU.Build.0 = Debug|Any CPU
		{5947820D-43A5-4456-83D1-C84DC4770A4F}.Release|Any CPU.ActiveCfg = Release|Any CPU
		{5947820D-43A5-4456-83D1-C84DC4770A4F}.Release|Any CPU.Build.0 = Release|Any CPU
	EndGlobalSection
	GlobalSection(NestedProjects) = preSolution
		{9D0F70BC-64DE-40D8-82BA-56EB174530E1} = {44DFEFF1-7BCC-48E0-8180-4C23A6568BE6}
		{5947820D-43A5-4456-83D1-C84DC4770A4F} = {9D0F70BC-64DE-40D8-82BA-56EB174530E1}
	EndGlobalSection
EndGlobal
